
Microsoft Visual Studio Solution File, Format Version 12.00
# Visual Studio Version 17
VisualStudioVersion = 17.5.33516.290
MinimumVisualStudioVersion = 10.0.40219.1
Project("{888888A0-9F3D-457C-B088-3A5042F75D52}") = "PythonApplication_file_", "PythonApplication_file_.pyproj", "{E4A01522-736C-46F0-BBEF-EEE3F17FDAF9}"
EndProject
Global
	GlobalSection(SolutionConfigurationPlatforms) = preSolution
		Debug|Any CPU = Debug|Any CPU
		Release|Any CPU = Release|Any CPU
	EndGlobalSection
	GlobalSection(ProjectConfigurationPlatforms) = postSolution
		{E4A01522-736C-46F0-BBEF-EEE3F17FDAF9}.Debug|Any CPU.ActiveCfg = Debug|Any CPU
		{E4A01522-736C-46F0-BBEF-EEE3F17FDAF9}.Release|Any CPU.ActiveCfg = Release|Any CPU
	EndGlobalSection
	GlobalSection(SolutionProperties) = preSolution
		HideSolutionNode = FALSE
	EndGlobalSection
	GlobalSection(ExtensibilityGlobals) = postSolution
		SolutionGuid = {25EF8681-A16B-4AB1-8F4C-74078A19A8F9}
	EndGlobalSection
EndGlobal
